
Microsoft Visual Studio Solution File, Format Version 12.00
# Visual Studio Version 17
VisualStudioVersion = 17.10.35004.147
MinimumVisualStudioVersion = 10.0.40219.1
Project("{8BC9CEB8-8B4A-11D0-8D11-00A0C91BC942}") = "OS07_04x", "OS07_04x\OS07_04x.vcxproj", "{6FBB6CDD-D95D-47C7-8661-34AA17154ADC}"
EndProject
Global
	GlobalSection(SolutionConfigurationPlatforms) = preSolution
		Debug|x64 = Debug|x64
		Debug|x86 = Debug|x86
		Release|x64 = Release|x64
		Release|x86 = Release|x86
	EndGlobalSection
	GlobalSection(ProjectConfigurationPlatforms) = postSolution
		{6FBB6CDD-D95D-47C7-8661-34AA17154ADC}.Debug|x64.ActiveCfg = Debug|x64
		{6FBB6CDD-D95D-47C7-8661-34AA17154ADC}.Debug|x64.Build.0 = Debug|x64
		{6FBB6CDD-D95D-47C7-8661-34AA17154ADC}.Debug|x86.ActiveCfg = Debug|Win32
		{6FBB6CDD-D95D-47C7-8661-34AA17154ADC}.Debug|x86.Build.0 = Debug|Win32
		{6FBB6CDD-D95D-47C7-8661-34AA17154ADC}.Release|x64.ActiveCfg = Release|x64
		{6FBB6CDD-D95D-47C7-8661-34AA17154ADC}.Release|x64.Build.0 = Release|x64
		{6FBB6CDD-D95D-47C7-8661-34AA17154ADC}.Release|x86.ActiveCfg = Release|Win32
		{6FBB6CDD-D95D-47C7-8661-34AA17154ADC}.Release|x86.Build.0 = Release|Win32
	EndGlobalSection
	GlobalSection(SolutionProperties) = preSolution
		HideSolutionNode = FALSE
	EndGlobalSection
	GlobalSection(ExtensibilityGlobals) = postSolution
		SolutionGuid = {B22369FD-6A5B-44BA-9136-27C565F9C00F}
	EndGlobalSection
EndGlobal
