
Microsoft Visual Studio Solution File, Format Version 12.00
Project("{FAE04EC0-301F-11D3-BF4B-00C04F79EFBC}") = "OS4zad5", "OS4zad5\OS4zad5.csproj", "{00DECE66-95C1-42BE-B054-D6588E99167F}"
EndProject
Global
	GlobalSection(SolutionConfigurationPlatforms) = preSolution
		Debug|Any CPU = Debug|Any CPU
		Release|Any CPU = Release|Any CPU
	EndGlobalSection
	GlobalSection(ProjectConfigurationPlatforms) = postSolution
		{00DECE66-95C1-42BE-B054-D6588E99167F}.Debug|Any CPU.ActiveCfg = Debug|Any CPU
		{00DECE66-95C1-42BE-B054-D6588E99167F}.Debug|Any CPU.Build.0 = Debug|Any CPU
		{00DECE66-95C1-42BE-B054-D6588E99167F}.Release|Any CPU.ActiveCfg = Release|Any CPU
		{00DECE66-95C1-42BE-B054-D6588E99167F}.Release|Any CPU.Build.0 = Release|Any CPU
	EndGlobalSection
EndGlobal
