
Microsoft Visual Studio Solution File, Format Version 12.00
Project("{FAE04EC0-301F-11D3-BF4B-00C04F79EFBC}") = "OSzad10", "OSzad10\OSzad10.csproj", "{3ADA8A92-5C84-4058-B7F1-D57398C276EA}"
EndProject
Global
	GlobalSection(SolutionConfigurationPlatforms) = preSolution
		Debug|Any CPU = Debug|Any CPU
		Release|Any CPU = Release|Any CPU
	EndGlobalSection
	GlobalSection(ProjectConfigurationPlatforms) = postSolution
		{3ADA8A92-5C84-4058-B7F1-D57398C276EA}.Debug|Any CPU.ActiveCfg = Debug|Any CPU
		{3ADA8A92-5C84-4058-B7F1-D57398C276EA}.Debug|Any CPU.Build.0 = Debug|Any CPU
		{3ADA8A92-5C84-4058-B7F1-D57398C276EA}.Release|Any CPU.ActiveCfg = Release|Any CPU
		{3ADA8A92-5C84-4058-B7F1-D57398C276EA}.Release|Any CPU.Build.0 = Release|Any CPU
	EndGlobalSection
EndGlobal
